
Microsoft Visual Studio Solution File, Format Version 12.00
# Visual Studio Version 17
VisualStudioVersion = 17.12.35707.178
MinimumVisualStudioVersion = 10.0.40219.1
Project("{FAE04EC0-301F-11D3-BF4B-00C04F79EFBC}") = "LogTruck.API", "LogTruck.API\LogTruck.API.csproj", "{7EDE4452-E300-4CCC-9BB7-20ED7D5A183F}"
EndProject
Project("{FAE04EC0-301F-11D3-BF4B-00C04F79EFBC}") = "LogTruck.Domain", "LogTruck.Domain\LogTruck.Domain.csproj", "{3BEAE555-3189-404D-90A1-3459815DB4DF}"
EndProject
Project("{FAE04EC0-301F-11D3-BF4B-00C04F79EFBC}") = "LogTruck.Infrastructure", "LogTruck.Infrastructure\LogTruck.Infrastructure.csproj", "{458A4D6E-E46D-4E61-86F1-8A456D39031A}"
EndProject
Project("{FAE04EC0-301F-11D3-BF4B-00C04F79EFBC}") = "LogTruck.Persistence", "LogTruck.Persistence\LogTruck.Persistence.csproj", "{04034DE0-99AA-4E01-B9D4-312B41FF6CA5}"
EndProject
Project("{2150E333-8FDC-42A3-9474-1A3956D46DE8}") = "Src", "Src", "{8616CED4-E2C5-41EC-BF5D-D52C1FCB9D65}"
EndProject
Project("{2150E333-8FDC-42A3-9474-1A3956D46DE8}") = "tests", "tests", "{391697B6-1EA9-4261-9A89-B56433F4907C}"
EndProject
Project("{FAE04EC0-301F-11D3-BF4B-00C04F79EFBC}") = "LogTruck.UnitTests", "LogTruck.UnitTests\LogTruck.UnitTests.csproj", "{7A9F0A02-A10C-402C-91C5-AF1B545E3A36}"
EndProject
Project("{FAE04EC0-301F-11D3-BF4B-00C04F79EFBC}") = "LogTruck.IntegrationTests", "LogTruck.IntegrationTests\LogTruck.IntegrationTests.csproj", "{81FA403B-EF39-4B4A-AD39-A2C4CC2E9389}"
EndProject
Project("{FAE04EC0-301F-11D3-BF4B-00C04F79EFBC}") = "LogTruck.Application", "LogTruck.Application\LogTruck.Application.csproj", "{95FD3514-380F-4FF1-94BA-06F49A257222}"
EndProject
Project("{FAE04EC0-301F-11D3-BF4B-00C04F79EFBC}") = "LogTruck.Shared", "LogTruck.Shared\LogTruck.Shared.csproj", "{945930D2-F9C7-4436-B023-BA0FBB8F9CE8}"
EndProject
Global
	GlobalSection(SolutionConfigurationPlatforms) = preSolution
		Debug|Any CPU = Debug|Any CPU
		Release|Any CPU = Release|Any CPU
	EndGlobalSection
	GlobalSection(ProjectConfigurationPlatforms) = postSolution
		{7EDE4452-E300-4CCC-9BB7-20ED7D5A183F}.Debug|Any CPU.ActiveCfg = Debug|Any CPU
		{7EDE4452-E300-4CCC-9BB7-20ED7D5A183F}.Debug|Any CPU.Build.0 = Debug|Any CPU
		{7EDE4452-E300-4CCC-9BB7-20ED7D5A183F}.Release|Any CPU.ActiveCfg = Release|Any CPU
		{7EDE4452-E300-4CCC-9BB7-20ED7D5A183F}.Release|Any CPU.Build.0 = Release|Any CPU
		{3BEAE555-3189-404D-90A1-3459815DB4DF}.Debug|Any CPU.ActiveCfg = Debug|Any CPU
		{3BEAE555-3189-404D-90A1-3459815DB4DF}.Debug|Any CPU.Build.0 = Debug|Any CPU
		{3BEAE555-3189-404D-90A1-3459815DB4DF}.Release|Any CPU.ActiveCfg = Release|Any CPU
		{3BEAE555-3189-404D-90A1-3459815DB4DF}.Release|Any CPU.Build.0 = Release|Any CPU
		{458A4D6E-E46D-4E61-86F1-8A456D39031A}.Debug|Any CPU.ActiveCfg = Debug|Any CPU
		{458A4D6E-E46D-4E61-86F1-8A456D39031A}.Debug|Any CPU.Build.0 = Debug|Any CPU
		{458A4D6E-E46D-4E61-86F1-8A456D39031A}.Release|Any CPU.ActiveCfg = Release|Any CPU
		{458A4D6E-E46D-4E61-86F1-8A456D39031A}.Release|Any CPU.Build.0 = Release|Any CPU
		{04034DE0-99AA-4E01-B9D4-312B41FF6CA5}.Debug|Any CPU.ActiveCfg = Debug|Any CPU
		{04034DE0-99AA-4E01-B9D4-312B41FF6CA5}.Debug|Any CPU.Build.0 = Debug|Any CPU
		{04034DE0-99AA-4E01-B9D4-312B41FF6CA5}.Release|Any CPU.ActiveCfg = Release|Any CPU
		{04034DE0-99AA-4E01-B9D4-312B41FF6CA5}.Release|Any CPU.Build.0 = Release|Any CPU
		{7A9F0A02-A10C-402C-91C5-AF1B545E3A36}.Debug|Any CPU.ActiveCfg = Debug|Any CPU
		{7A9F0A02-A10C-402C-91C5-AF1B545E3A36}.Debug|Any CPU.Build.0 = Debug|Any CPU
		{7A9F0A02-A10C-402C-91C5-AF1B545E3A36}.Release|Any CPU.ActiveCfg = Release|Any CPU
		{7A9F0A02-A10C-402C-91C5-AF1B545E3A36}.Release|Any CPU.Build.0 = Release|Any CPU
		{81FA403B-EF39-4B4A-AD39-A2C4CC2E9389}.Debug|Any CPU.ActiveCfg = Debug|Any CPU
		{81FA403B-EF39-4B4A-AD39-A2C4CC2E9389}.Debug|Any CPU.Build.0 = Debug|Any CPU
		{81FA403B-EF39-4B4A-AD39-A2C4CC2E9389}.Release|Any CPU.ActiveCfg = Release|Any CPU
		{81FA403B-EF39-4B4A-AD39-A2C4CC2E9389}.Release|Any CPU.Build.0 = Release|Any CPU
		{95FD3514-380F-4FF1-94BA-06F49A257222}.Debug|Any CPU.ActiveCfg = Debug|Any CPU
		{95FD3514-380F-4FF1-94BA-06F49A257222}.Debug|Any CPU.Build.0 = Debug|Any CPU
		{95FD3514-380F-4FF1-94BA-06F49A257222}.Release|Any CPU.ActiveCfg = Release|Any CPU
		{95FD3514-380F-4FF1-94BA-06F49A257222}.Release|Any CPU.Build.0 = Release|Any CPU
		{945930D2-F9C7-4436-B023-BA0FBB8F9CE8}.Debug|Any CPU.ActiveCfg = Debug|Any CPU
		{945930D2-F9C7-4436-B023-BA0FBB8F9CE8}.Debug|Any CPU.Build.0 = Debug|Any CPU
		{945930D2-F9C7-4436-B023-BA0FBB8F9CE8}.Release|Any CPU.ActiveCfg = Release|Any CPU
		{945930D2-F9C7-4436-B023-BA0FBB8F9CE8}.Release|Any CPU.Build.0 = Release|Any CPU
	EndGlobalSection
	GlobalSection(SolutionProperties) = preSolution
		HideSolutionNode = FALSE
	EndGlobalSection
	GlobalSection(NestedProjects) = preSolution
		{7EDE4452-E300-4CCC-9BB7-20ED7D5A183F} = {8616CED4-E2C5-41EC-BF5D-D52C1FCB9D65}
		{3BEAE555-3189-404D-90A1-3459815DB4DF} = {8616CED4-E2C5-41EC-BF5D-D52C1FCB9D65}
		{458A4D6E-E46D-4E61-86F1-8A456D39031A} = {8616CED4-E2C5-41EC-BF5D-D52C1FCB9D65}
		{04034DE0-99AA-4E01-B9D4-312B41FF6CA5} = {8616CED4-E2C5-41EC-BF5D-D52C1FCB9D65}
		{7A9F0A02-A10C-402C-91C5-AF1B545E3A36} = {391697B6-1EA9-4261-9A89-B56433F4907C}
		{81FA403B-EF39-4B4A-AD39-A2C4CC2E9389} = {391697B6-1EA9-4261-9A89-B56433F4907C}
		{95FD3514-380F-4FF1-94BA-06F49A257222} = {8616CED4-E2C5-41EC-BF5D-D52C1FCB9D65}
		{945930D2-F9C7-4436-B023-BA0FBB8F9CE8} = {8616CED4-E2C5-41EC-BF5D-D52C1FCB9D65}
	EndGlobalSection
EndGlobal
